
Microsoft Visual Studio Solution File, Format Version 12.00
# Visual Studio Version 17
VisualStudioVersion = 17.9.34728.123
MinimumVisualStudioVersion = 10.0.40219.1
Project("{8BC9CEB8-8B4A-11D0-8D11-00A0C91BC942}") = "cs1.6", "cs1.6\cs1.6.vcxproj", "{E45C0379-CD2D-4947-B2F5-FA44CF39898F}"
EndProject
Global
	GlobalSection(SolutionConfigurationPlatforms) = preSolution
		Debug|x64 = Debug|x64
		Debug|x86 = Debug|x86
		Release|x64 = Release|x64
		Release|x86 = Release|x86
	EndGlobalSection
	GlobalSection(ProjectConfigurationPlatforms) = postSolution
		{E45C0379-CD2D-4947-B2F5-FA44CF39898F}.Debug|x64.ActiveCfg = Debug|x64
		{E45C0379-CD2D-4947-B2F5-FA44CF39898F}.Debug|x64.Build.0 = Debug|x64
		{E45C0379-CD2D-4947-B2F5-FA44CF39898F}.Debug|x86.ActiveCfg = Debug|Win32
		{E45C0379-CD2D-4947-B2F5-FA44CF39898F}.Debug|x86.Build.0 = Debug|Win32
		{E45C0379-CD2D-4947-B2F5-FA44CF39898F}.Release|x64.ActiveCfg = Release|x64
		{E45C0379-CD2D-4947-B2F5-FA44CF39898F}.Release|x64.Build.0 = Release|x64
		{E45C0379-CD2D-4947-B2F5-FA44CF39898F}.Release|x86.ActiveCfg = Release|Win32
		{E45C0379-CD2D-4947-B2F5-FA44CF39898F}.Release|x86.Build.0 = Release|Win32
	EndGlobalSection
	GlobalSection(SolutionProperties) = preSolution
		HideSolutionNode = FALSE
	EndGlobalSection
	GlobalSection(ExtensibilityGlobals) = postSolution
		SolutionGuid = {713D96C4-1B60-46BC-83E7-4ED98029B315}
	EndGlobalSection
EndGlobal
